// !$*UTF8*$!
{
	archiveVersion = 1;
	classes = {
	};
	objectVersion = 50;
	objects = {

/* Begin PBXBuildFile section */
		641F233329972FF300C67C03 /* AppDelegate.swift in Sources */ = {isa = PBXBuildFile; fileRef = 641F233229972FF300C67C03 /* AppDelegate.swift */; };
		641F233529972FF300C67C03 /* SceneDelegate.swift in Sources */ = {isa = PBXBuildFile; fileRef = 641F233429972FF300C67C03 /* SceneDelegate.swift */; };
		641F233729972FF300C67C03 /* MealViewController.swift in Sources */ = {isa = PBXBuildFile; fileRef = 641F233629972FF300C67C03 /* MealViewController.swift */; };
		641F233A29972FF300C67C03 /* Main.storyboard in Resources */ = {isa = PBXBuildFile; fileRef = 641F233829972FF300C67C03 /* Main.storyboard */; };
		641F233C29972FF900C67C03 /* Assets.xcassets in Resources */ = {isa = PBXBuildFile; fileRef = 641F233B29972FF900C67C03 /* Assets.xcassets */; };
		641F233F29972FF900C67C03 /* LaunchScreen.storyboard in Resources */ = {isa = PBXBuildFile; fileRef = 641F233D29972FF900C67C03 /* LaunchScreen.storyboard */; };
		641F235529972FF900C67C03 /* FoodTrackerProjectUITests.swift in Sources */ = {isa = PBXBuildFile; fileRef = 641F235429972FF900C67C03 /* FoodTrackerProjectUITests.swift */; };
		6481FC9C29B235EA0055AF53 /* Meal.swift in Sources */ = {isa = PBXBuildFile; fileRef = 6481FC9B29B235EA0055AF53 /* Meal.swift */; };
		6481FCB029B2652A0055AF53 /* FoodTrackerProjectTests.swift in Sources */ = {isa = PBXBuildFile; fileRef = 6481FCAF29B2652A0055AF53 /* FoodTrackerProjectTests.swift */; };
		649F0B7029B2958100A981CB /* MealTableViewCell.swift in Sources */ = {isa = PBXBuildFile; fileRef = 649F0B6F29B2958100A981CB /* MealTableViewCell.swift */; };
		649F0B8029B2A5C100A981CB /* MealTableViewController.swift in Sources */ = {isa = PBXBuildFile; fileRef = 649F0B7F29B2A5C100A981CB /* MealTableViewController.swift */; };
		64EA504229A6C7BE003CEDB9 /* RatingControl.swift in Sources */ = {isa = PBXBuildFile; fileRef = 64EA504129A6C7BE003CEDB9 /* RatingControl.swift */; };
/* End PBXBuildFile section */

/* Begin PBXContainerItemProxy section */
		641F234629972FF900C67C03 /* PBXContainerItemProxy */ = {
			isa = PBXContainerItemProxy;
			containerPortal = 641F232729972FF300C67C03 /* Project object */;
			proxyType = 1;
			remoteGlobalIDString = 641F232E29972FF300C67C03;
			remoteInfo = FoodTrackerProject;
		};
		641F235129972FF900C67C03 /* PBXContainerItemProxy */ = {
			isa = PBXContainerItemProxy;
			containerPortal = 641F232729972FF300C67C03 /* Project object */;
			proxyType = 1;
			remoteGlobalIDString = 641F232E29972FF300C67C03;
			remoteInfo = FoodTrackerProject;
		};
/* End PBXContainerItemProxy section */

/* Begin PBXFileReference section */
		641F232F29972FF300C67C03 /* FoodTrackerProject.app */ = {isa = PBXFileReference; explicitFileType = wrapper.application; includeInIndex = 0; path = FoodTrackerProject.app; sourceTree = BUILT_PRODUCTS_DIR; };
		641F233229972FF300C67C03 /* AppDelegate.swift */ = {isa = PBXFileReference; lastKnownFileType = sourcecode.swift; path = AppDelegate.swift; sourceTree = "<group>"; };
		641F233429972FF300C67C03 /* SceneDelegate.swift */ = {isa = PBXFileReference; lastKnownFileType = sourcecode.swift; path = SceneDelegate.swift; sourceTree = "<group>"; };
		641F233629972FF300C67C03 /* MealViewController.swift */ = {isa = PBXFileReference; lastKnownFileType = sourcecode.swift; path = MealViewController.swift; sourceTree = "<group>"; };
		641F233929972FF300C67C03 /* Base */ = {isa = PBXFileReference; lastKnownFileType = file.storyboard; name = Base; path = Base.lproj/Main.storyboard; sourceTree = "<group>"; };
		641F233B29972FF900C67C03 /* Assets.xcassets */ = {isa = PBXFileReference; lastKnownFileType = folder.assetcatalog; path = Assets.xcassets; sourceTree = "<group>"; };
		641F233E29972FF900C67C03 /* Base */ = {isa = PBXFileReference; lastKnownFileType = file.storyboard; name = Base; path = Base.lproj/LaunchScreen.storyboard; sourceTree = "<group>"; };
		641F234029972FF900C67C03 /* Info.plist */ = {isa = PBXFileReference; lastKnownFileType = text.plist.xml; path = Info.plist; sourceTree = "<group>"; };
		641F234529972FF900C67C03 /* FoodTrackerProjectTests.xctest */ = {isa = PBXFileReference; explicitFileType = wrapper.cfbundle; includeInIndex = 0; path = FoodTrackerProjectTests.xctest; sourceTree = BUILT_PRODUCTS_DIR; };
		641F234B29972FF900C67C03 /* Info.plist */ = {isa = PBXFileReference; lastKnownFileType = text.plist.xml; path = Info.plist; sourceTree = "<group>"; };
		641F235029972FF900C67C03 /* FoodTrackerProjectUITests.xctest */ = {isa = PBXFileReference; explicitFileType = wrapper.cfbundle; includeInIndex = 0; path = FoodTrackerProjectUITests.xctest; sourceTree = BUILT_PRODUCTS_DIR; };
		641F235429972FF900C67C03 /* FoodTrackerProjectUITests.swift */ = {isa = PBXFileReference; lastKnownFileType = sourcecode.swift; path = FoodTrackerProjectUITests.swift; sourceTree = "<group>"; };
		641F235629972FF900C67C03 /* Info.plist */ = {isa = PBXFileReference; lastKnownFileType = text.plist.xml; path = Info.plist; sourceTree = "<group>"; };
		6481FC9B29B235EA0055AF53 /* Meal.swift */ = {isa = PBXFileReference; fileEncoding = 4; lastKnownFileType = sourcecode.swift; name = Meal.swift; path = "../../../Downloads/Swift-1.5/FoodRaterApp/FoodTrackerProject/Meal.swift"; sourceTree = "<group>"; };
		6481FCAF29B2652A0055AF53 /* FoodTrackerProjectTests.swift */ = {isa = PBXFileReference; fileEncoding = 4; lastKnownFileType = sourcecode.swift; name = FoodTrackerProjectTests.swift; path = "../../../Downloads/Swift-1.5/FoodRaterApp/FoodTrackerProjectTests/FoodTrackerProjectTests.swift"; sourceTree = "<group>"; };
		649F0B6F29B2958100A981CB /* MealTableViewCell.swift */ = {isa = PBXFileReference; lastKnownFileType = sourcecode.swift; path = MealTableViewCell.swift; sourceTree = "<group>"; };
		649F0B7F29B2A5C100A981CB /* MealTableViewController.swift */ = {isa = PBXFileReference; fileEncoding = 4; lastKnownFileType = sourcecode.swift; name = MealTableViewController.swift; path = "../../../Downloads/Swift-1.6/FoodRaterApp/FoodTrackerProject/MealTableViewController.swift"; sourceTree = "<group>"; };
		64EA504129A6C7BE003CEDB9 /* RatingControl.swift */ = {isa = PBXFileReference; fileEncoding = 4; lastKnownFileType = sourcecode.swift; name = RatingControl.swift; path = "../../../Downloads/Swift-1.4/FoodRaterApp/FoodTrackerProject/RatingControl.swift"; sourceTree = "<group>"; };
/* End PBXFileReference section */

/* Begin PBXFrameworksBuildPhase section */
		641F232C29972FF300C67C03 /* Frameworks */ = {
			isa = PBXFrameworksBuildPhase;
			buildActionMask = 2147483647;
			files = (
			);
			runOnlyForDeploymentPostprocessing = 0;
		};
		641F234229972FF900C67C03 /* Frameworks */ = {
			isa = PBXFrameworksBuildPhase;
			buildActionMask = 2147483647;
			files = (
			);
			runOnlyForDeploymentPostprocessing = 0;
		};
		641F234D29972FF900C67C03 /* Frameworks */ = {
			isa = PBXFrameworksBuildPhase;
			buildActionMask = 2147483647;
			files = (
			);
			runOnlyForDeploymentPostprocessing = 0;
		};
/* End PBXFrameworksBuildPhase section */

/* Begin PBXGroup section */
		641F232629972FF300C67C03 = {
			isa = PBXGroup;
			children = (
				641F233129972FF300C67C03 /* FoodTrackerProject */,
				641F234829972FF900C67C03 /* FoodTrackerProjectTests */,
				641F235329972FF900C67C03 /* FoodTrackerProjectUITests */,
				641F233029972FF300C67C03 /* Products */,
			);
			sourceTree = "<group>";
		};
		641F233029972FF300C67C03 /* Products */ = {
			isa = PBXGroup;
			children = (
				641F232F29972FF300C67C03 /* FoodTrackerProject.app */,
				641F234529972FF900C67C03 /* FoodTrackerProjectTests.xctest */,
				641F235029972FF900C67C03 /* FoodTrackerProjectUITests.xctest */,
			);
			name = Products;
			sourceTree = "<group>";
		};
		641F233129972FF300C67C03 /* FoodTrackerProject */ = {
			isa = PBXGroup;
			children = (
				641F233229972FF300C67C03 /* AppDelegate.swift */,
				641F233429972FF300C67C03 /* SceneDelegate.swift */,
				641F233629972FF300C67C03 /* MealViewController.swift */,
				64EA504129A6C7BE003CEDB9 /* RatingControl.swift */,
				6481FC9B29B235EA0055AF53 /* Meal.swift */,
				649F0B7F29B2A5C100A981CB /* MealTableViewController.swift */,
				649F0B6F29B2958100A981CB /* MealTableViewCell.swift */,
				641F233829972FF300C67C03 /* Main.storyboard */,
				641F233B29972FF900C67C03 /* Assets.xcassets */,
				641F233D29972FF900C67C03 /* LaunchScreen.storyboard */,
				641F234029972FF900C67C03 /* Info.plist */,
			);
			path = FoodTrackerProject;
			sourceTree = "<group>";
		};
		641F234829972FF900C67C03 /* FoodTrackerProjectTests */ = {
			isa = PBXGroup;
			children = (
				6481FCAF29B2652A0055AF53 /* FoodTrackerProjectTests.swift */,
				641F234B29972FF900C67C03 /* Info.plist */,
			);
			path = FoodTrackerProjectTests;
			sourceTree = "<group>";
		};
		641F235329972FF900C67C03 /* FoodTrackerProjectUITests */ = {
			isa = PBXGroup;
			children = (
				641F235429972FF900C67C03 /* FoodTrackerProjectUITests.swift */,
				641F235629972FF900C67C03 /* Info.plist */,
			);
			path = FoodTrackerProjectUITests;
			sourceTree = "<group>";
		};
/* End PBXGroup section */

/* Begin PBXNativeTarget section */
		641F232E29972FF300C67C03 /* FoodTrackerProject */ = {
			isa = PBXNativeTarget;
			buildConfigurationList = 641F235929972FF900C67C03 /* Build configuration list for PBXNativeTarget "FoodTrackerProject" */;
			buildPhases = (
				641F232B29972FF300C67C03 /* Sources */,
				641F232C29972FF300C67C03 /* Frameworks */,
				641F232D29972FF300C67C03 /* Resources */,
			);
			buildRules = (
			);
			dependencies = (
			);
			name = FoodTrackerProject;
			productName = FoodTrackerProject;
			productReference = 641F232F29972FF300C67C03 /* FoodTrackerProject.app */;
			productType = "com.apple.product-type.application";
		};
		641F234429972FF900C67C03 /* FoodTrackerProjectTests */ = {
			isa = PBXNativeTarget;
			buildConfigurationList = 641F235C29972FF900C67C03 /* Build configuration list for PBXNativeTarget "FoodTrackerProjectTests" */;
			buildPhases = (
				641F234129972FF900C67C03 /* Sources */,
				641F234229972FF900C67C03 /* Frameworks */,
				641F234329972FF900C67C03 /* Resources */,
			);
			buildRules = (
			);
			dependencies = (
				641F234729972FF900C67C03 /* PBXTargetDependency */,
			);
			name = FoodTrackerProjectTests;
			productName = FoodTrackerProjectTests;
			productReference = 641F234529972FF900C67C03 /* FoodTrackerProjectTests.xctest */;
			productType = "com.apple.product-type.bundle.unit-test";
		};
		641F234F29972FF900C67C03 /* FoodTrackerProjectUITests */ = {
			isa = PBXNativeTarget;
			buildConfigurationList = 641F235F29972FF900C67C03 /* Build configuration list for PBXNativeTarget "FoodTrackerProjectUITests" */;
			buildPhases = (
				641F234C29972FF900C67C03 /* Sources */,
				641F234D29972FF900C67C03 /* Frameworks */,
				641F234E29972FF900C67C03 /* Resources */,
			);
			buildRules = (
			);
			dependencies = (
				641F235229972FF900C67C03 /* PBXTargetDependency */,
			);
			name = FoodTrackerProjectUITests;
			productName = FoodTrackerProjectUITests;
			productReference = 641F235029972FF900C67C03 /* FoodTrackerProjectUITests.xctest */;
			productType = "com.apple.product-type.bundle.ui-testing";
		};
/* End PBXNativeTarget section */

/* Begin PBXProject section */
		641F232729972FF300C67C03 /* Project object */ = {
			isa = PBXProject;
			attributes = {
				LastSwiftUpdateCheck = 1240;
				LastUpgradeCheck = 1240;
				TargetAttributes = {
					641F232E29972FF300C67C03 = {
						CreatedOnToolsVersion = 12.4;
					};
					641F234429972FF900C67C03 = {
						CreatedOnToolsVersion = 12.4;
						LastSwiftMigration = 1240;
						TestTargetID = 641F232E29972FF300C67C03;
					};
					641F234F29972FF900C67C03 = {
						CreatedOnToolsVersion = 12.4;
						TestTargetID = 641F232E29972FF300C67C03;
					};
				};
			};
			buildConfigurationList = 641F232A29972FF300C67C03 /* Build configuration list for PBXProject "FoodTrackerProject" */;
			compatibilityVersion = "Xcode 9.3";
			developmentRegion = en;
			hasScannedForEncodings = 0;
			knownRegions = (
				en,
				Base,
			);
			mainGroup = 641F232629972FF300C67C03;
			productRefGroup = 641F233029972FF300C67C03 /* Products */;
			projectDirPath = "";
			projectRoot = "";
			targets = (
				641F232E29972FF300C67C03 /* FoodTrackerProject */,
				641F234429972FF900C67C03 /* FoodTrackerProjectTests */,
				641F234F29972FF900C67C03 /* FoodTrackerProjectUITests */,
			);
		};
/* End PBXProject section */

/* Begin PBXResourcesBuildPhase section */
		641F232D29972FF300C67C03 /* Resources */ = {
			isa = PBXResourcesBuildPhase;
			buildActionMask = 2147483647;
			files = (
				641F233F29972FF900C67C03 /* LaunchScreen.storyboard in Resources */,
				641F233C29972FF900C67C03 /* Assets.xcassets in Resources */,
				641F233A29972FF300C67C03 /* Main.storyboard in Resources */,
			);
			runOnlyForDeploymentPostprocessing = 0;
		};
		641F234329972FF900C67C03 /* Resources */ = {
			isa = PBXResourcesBuildPhase;
			buildActionMask = 2147483647;
			files = (
			);
			runOnlyForDeploymentPostprocessing = 0;
		};
		641F234E29972FF900C67C03 /* Resources */ = {
			isa = PBXResourcesBuildPhase;
			buildActionMask = 2147483647;
			files = (
			);
			runOnlyForDeploymentPostprocessing = 0;
		};
/* End PBXResourcesBuildPhase section */

/* Begin PBXSourcesBuildPhase section */
		641F232B29972FF300C67C03 /* Sources */ = {
			isa = PBXSourcesBuildPhase;
			buildActionMask = 2147483647;
			files = (
				6481FC9C29B235EA0055AF53 /* Meal.swift in Sources */,
				64EA504229A6C7BE003CEDB9 /* RatingControl.swift in Sources */,
				649F0B8029B2A5C100A981CB /* MealTableViewController.swift in Sources */,
				649F0B7029B2958100A981CB /* MealTableViewCell.swift in Sources */,
				641F233729972FF300C67C03 /* MealViewController.swift in Sources */,
				641F233329972FF300C67C03 /* AppDelegate.swift in Sources */,
				641F233529972FF300C67C03 /* SceneDelegate.swift in Sources */,
			);
			runOnlyForDeploymentPostprocessing = 0;
		};
		641F234129972FF900C67C03 /* Sources */ = {
			isa = PBXSourcesBuildPhase;
			buildActionMask = 2147483647;
			files = (
				6481FCB029B2652A0055AF53 /* FoodTrackerProjectTests.swift in Sources */,
			);
			runOnlyForDeploymentPostprocessing = 0;
		};
		641F234C29972FF900C67C03 /* Sources */ = {
			isa = PBXSourcesBuildPhase;
			buildActionMask = 2147483647;
			files = (
				641F235529972FF900C67C03 /* FoodTrackerProjectUITests.swift in Sources */,
			);
			runOnlyForDeploymentPostprocessing = 0;
		};
/* End PBXSourcesBuildPhase section */

/* Begin PBXTargetDependency section */
		641F234729972FF900C67C03 /* PBXTargetDependency */ = {
			isa = PBXTargetDependency;
			target = 641F232E29972FF300C67C03 /* FoodTrackerProject */;
			targetProxy = 641F234629972FF900C67C03 /* PBXContainerItemProxy */;
		};
		641F235229972FF900C67C03 /* PBXTargetDependency */ = {
			isa = PBXTargetDependency;
			target = 641F232E29972FF300C67C03 /* FoodTrackerProject */;
			targetProxy = 641F235129972FF900C67C03 /* PBXContainerItemProxy */;
		};
/* End PBXTargetDependency section */

/* Begin PBXVariantGroup section */
		641F233829972FF300C67C03 /* Main.storyboard */ = {
			isa = PBXVariantGroup;
			children = (
				641F233929972FF300C67C03 /* Base */,
			);
			name = Main.storyboard;
			sourceTree = "<group>";
		};
		641F233D29972FF900C67C03 /* LaunchScreen.storyboard */ = {
			isa = PBXVariantGroup;
			children = (
				641F233E29972FF900C67C03 /* Base */,
			);
			name = LaunchScreen.storyboard;
			sourceTree = "<group>";
		};
/* End PBXVariantGroup section */

/* Begin XCBuildConfiguration section */
		641F235729972FF900C67C03 /* Debug */ = {
			isa = XCBuildConfiguration;
			buildSettings = {
				ALWAYS_SEARCH_USER_PATHS = NO;
				CLANG_ANALYZER_NONNULL = YES;
				CLANG_ANALYZER_NUMBER_OBJECT_CONVERSION = YES_AGGRESSIVE;
				CLANG_CXX_LANGUAGE_STANDARD = "gnu++14";
				CLANG_CXX_LIBRARY = "libc++";
				CLANG_ENABLE_MODULES = YES;
				CLANG_ENABLE_OBJC_ARC = YES;
				CLANG_ENABLE_OBJC_WEAK = YES;
				CLANG_WARN_BLOCK_CAPTURE_AUTORELEASING = YES;
				CLANG_WARN_BOOL_CONVERSION = YES;
				CLANG_WARN_COMMA = YES;
				CLANG_WARN_CONSTANT_CONVERSION = YES;
				CLANG_WARN_DEPRECATED_OBJC_IMPLEMENTATIONS = YES;
				CLANG_WARN_DIRECT_OBJC_ISA_USAGE = YES_ERROR;
				CLANG_WARN_DOCUMENTATION_COMMENTS = YES;
				CLANG_WARN_EMPTY_BODY = YES;
				CLANG_WARN_ENUM_CONVERSION = YES;
				CLANG_WARN_INFINITE_RECURSION = YES;
				CLANG_WARN_INT_CONVERSION = YES;
				CLANG_WARN_NON_LITERAL_NULL_CONVERSION = YES;
				CLANG_WARN_OBJC_IMPLICIT_RETAIN_SELF = YES;
				CLANG_WARN_OBJC_LITERAL_CONVERSION = YES;
				CLANG_WARN_OBJC_ROOT_CLASS = YES_ERROR;
				CLANG_WARN_QUOTED_INCLUDE_IN_FRAMEWORK_HEADER = YES;
				CLANG_WARN_RANGE_LOOP_ANALYSIS = YES;
				CLANG_WARN_STRICT_PROTOTYPES = YES;
				CLANG_WARN_SUSPICIOUS_MOVE = YES;
				CLANG_WARN_UNGUARDED_AVAILABILITY = YES_AGGRESSIVE;
				CLANG_WARN_UNREACHABLE_CODE = YES;
				CLANG_WARN__DUPLICATE_METHOD_MATCH = YES;
				COPY_PHASE_STRIP = NO;
				DEBUG_INFORMATION_FORMAT = dwarf;
				ENABLE_STRICT_OBJC_MSGSEND = YES;
				ENABLE_TESTABILITY = YES;
				GCC_C_LANGUAGE_STANDARD = gnu11;
				GCC_DYNAMIC_NO_PIC = NO;
				GCC_NO_COMMON_BLOCKS = YES;
				GCC_OPTIMIZATION_LEVEL = 0;
				GCC_PREPROCESSOR_DEFINITIONS = (
					"DEBUG=1",
					"$(inherited)",
				);
				GCC_WARN_64_TO_32_BIT_CONVERSION = YES;
				GCC_WARN_ABOUT_RETURN_TYPE = YES_ERROR;
				GCC_WARN_UNDECLARED_SELECTOR = YES;
				GCC_WARN_UNINITIALIZED_AUTOS = YES_AGGRESSIVE;
				GCC_WARN_UNUSED_FUNCTION = YES;
				GCC_WARN_UNUSED_VARIABLE = YES;
				IPHONEOS_DEPLOYMENT_TARGET = 14.4;
				MTL_ENABLE_DEBUG_INFO = INCLUDE_SOURCE;
				MTL_FAST_MATH = YES;
				ONLY_ACTIVE_ARCH = YES;
				SDKROOT = iphoneos;
				SWIFT_ACTIVE_COMPILATION_CONDITIONS = DEBUG;
				SWIFT_OPTIMIZATION_LEVEL = "-Onone";
			};
			name = Debug;
		};
		641F235829972FF900C67C03 /* Release */ = {
			isa = XCBuildConfiguration;
			buildSettings = {
				ALWAYS_SEARCH_USER_PATHS = NO;
				CLANG_ANALYZER_NONNULL = YES;
				CLANG_ANALYZER_NUMBER_OBJECT_CONVERSION = YES_AGGRESSIVE;
				CLANG_CXX_LANGUAGE_STANDARD = "gnu++14";
				CLANG_CXX_LIBRARY = "libc++";
				CLANG_ENABLE_MODULES = YES;
				CLANG_ENABLE_OBJC_ARC = YES;
				CLANG_ENABLE_OBJC_WEAK = YES;
				CLANG_WARN_BLOCK_CAPTURE_AUTORELEASING = YES;
				CLANG_WARN_BOOL_CONVERSION = YES;
				CLANG_WARN_COMMA = YES;
				CLANG_WARN_CONSTANT_CONVERSION = YES;
				CLANG_WARN_DEPRECATED_OBJC_IMPLEMENTATIONS = YES;
				CLANG_WARN_DIRECT_OBJC_ISA_USAGE = YES_ERROR;
				CLANG_WARN_DOCUMENTATION_COMMENTS = YES;
				CLANG_WARN_EMPTY_BODY = YES;
				CLANG_WARN_ENUM_CONVERSION = YES;
				CLANG_WARN_INFINITE_RECURSION = YES;
				CLANG_WARN_INT_CONVERSION = YES;
				CLANG_WARN_NON_LITERAL_NULL_CONVERSION = YES;
				CLANG_WARN_OBJC_IMPLICIT_RETAIN_SELF = YES;
				CLANG_WARN_OBJC_LITERAL_CONVERSION = YES;
				CLANG_WARN_OBJC_ROOT_CLASS = YES_ERROR;
				CLANG_WARN_QUOTED_INCLUDE_IN_FRAMEWORK_HEADER = YES;
				CLANG_WARN_RANGE_LOOP_ANALYSIS = YES;
				CLANG_WARN_STRICT_PROTOTYPES = YES;
				CLANG_WARN_SUSPICIOUS_MOVE = YES;
				CLANG_WARN_UNGUARDED_AVAILABILITY = YES_AGGRESSIVE;
				CLANG_WARN_UNREACHABLE_CODE = YES;
				CLANG_WARN__DUPLICATE_METHOD_MATCH = YES;
				COPY_PHASE_STRIP = NO;
				DEBUG_INFORMATION_FORMAT = "dwarf-with-dsym";
				ENABLE_NS_ASSERTIONS = NO;
				ENABLE_STRICT_OBJC_MSGSEND = YES;
				GCC_C_LANGUAGE_STANDARD = gnu11;
				GCC_NO_COMMON_BLOCKS = YES;
				GCC_WARN_64_TO_32_BIT_CONVERSION = YES;
				GCC_WARN_ABOUT_RETURN_TYPE = YES_ERROR;
				GCC_WARN_UNDECLARED_SELECTOR = YES;
				GCC_WARN_UNINITIALIZED_AUTOS = YES_AGGRESSIVE;
				GCC_WARN_UNUSED_FUNCTION = YES;
				GCC_WARN_UNUSED_VARIABLE = YES;
				IPHONEOS_DEPLOYMENT_TARGET = 14.4;
				MTL_ENABLE_DEBUG_INFO = NO;
				MTL_FAST_MATH = YES;
				SDKROOT = iphoneos;
				SWIFT_COMPILATION_MODE = wholemodule;
				SWIFT_OPTIMIZATION_LEVEL = "-O";
				VALIDATE_PRODUCT = YES;
			};
			name = Release;
		};
		641F235A29972FF900C67C03 /* Debug */ = {
			isa = XCBuildConfiguration;
			buildSettings = {
				ASSETCATALOG_COMPILER_APPICON_NAME = AppIcon;
				ASSETCATALOG_COMPILER_GLOBAL_ACCENT_COLOR_NAME = AccentColor;
				CODE_SIGN_STYLE = Automatic;
				INFOPLIST_FILE = FoodTrackerProject/Info.plist;
				LD_RUNPATH_SEARCH_PATHS = (
					"$(inherited)",
					"@executable_path/Frameworks",
				);
				PRODUCT_BUNDLE_IDENTIFIER = "Anessa-Whitlow.FoodTrackerProject";
				PRODUCT_NAME = "$(TARGET_NAME)";
				SWIFT_VERSION = 5.0;
				TARGETED_DEVICE_FAMILY = "1,2";
			};
			name = Debug;
		};
		641F235B29972FF900C67C03 /* Release */ = {
			isa = XCBuildConfiguration;
			buildSettings = {
				ASSETCATALOG_COMPILER_APPICON_NAME = AppIcon;
				ASSETCATALOG_COMPILER_GLOBAL_ACCENT_COLOR_NAME = AccentColor;
				CODE_SIGN_STYLE = Automatic;
				INFOPLIST_FILE = FoodTrackerProject/Info.plist;
				LD_RUNPATH_SEARCH_PATHS = (
					"$(inherited)",
					"@executable_path/Frameworks",
				);
				PRODUCT_BUNDLE_IDENTIFIER = "Anessa-Whitlow.FoodTrackerProject";
				PRODUCT_NAME = "$(TARGET_NAME)";
				SWIFT_VERSION = 5.0;
				TARGETED_DEVICE_FAMILY = "1,2";
			};
			name = Release;
		};
		641F235D29972FF900C67C03 /* Debug */ = {
			isa = XCBuildConfiguration;
			buildSettings = {
				ALWAYS_EMBED_SWIFT_STANDARD_LIBRARIES = YES;
				BUNDLE_LOADER = "$(TEST_HOST)";
				CLANG_ENABLE_MODULES = YES;
				CODE_SIGN_STYLE = Automatic;
				INFOPLIST_FILE = FoodTrackerProjectTests/Info.plist;
				IPHONEOS_DEPLOYMENT_TARGET = 14.4;
				LD_RUNPATH_SEARCH_PATHS = (
					"$(inherited)",
					"@executable_path/Frameworks",
					"@loader_path/Frameworks",
				);
				PRODUCT_BUNDLE_IDENTIFIER = "Anessa-Whitlow.FoodTrackerProjectTests";
				PRODUCT_NAME = "$(TARGET_NAME)";
				SWIFT_OBJC_BRIDGING_HEADER = "FoodTrackerProjectTests/FoodTrackerProjectTests-Bridging-Header.h";
				SWIFT_OPTIMIZATION_LEVEL = "-Onone";
				SWIFT_VERSION = 5.0;
				TARGETED_DEVICE_FAMILY = "1,2";
				TEST_HOST = "$(BUILT_PRODUCTS_DIR)/FoodTrackerProject.app/FoodTrackerProject";
			};
			name = Debug;
		};
		641F235E29972FF900C67C03 /* Release */ = {
			isa = XCBuildConfiguration;
			buildSettings = {
				ALWAYS_EMBED_SWIFT_STANDARD_LIBRARIES = YES;
				BUNDLE_LOADER = "$(TEST_HOST)";
				CLANG_ENABLE_MODULES = YES;
				CODE_SIGN_STYLE = Automatic;
				INFOPLIST_FILE = FoodTrackerProjectTests/Info.plist;
				IPHONEOS_DEPLOYMENT_TARGET = 14.4;
				LD_RUNPATH_SEARCH_PATHS = (
					"$(inherited)",
					"@executable_path/Frameworks",
					"@loader_path/Frameworks",
				);
				PRODUCT_BUNDLE_IDENTIFIER = "Anessa-Whitlow.FoodTrackerProjectTests";
				PRODUCT_NAME = "$(TARGET_NAME)";
				SWIFT_OBJC_BRIDGING_HEADER = "FoodTrackerProjectTests/FoodTrackerProjectTests-Bridging-Header.h";
				SWIFT_VERSION = 5.0;
				TARGETED_DEVICE_FAMILY = "1,2";
				TEST_HOST = "$(BUILT_PRODUCTS_DIR)/FoodTrackerProject.app/FoodTrackerProject";
			};
			name = Release;
		};
		641F236029972FF900C67C03 /* Debug */ = {
			isa = XCBuildConfiguration;
			buildSettings = {
				ALWAYS_EMBED_SWIFT_STANDARD_LIBRARIES = YES;
				CODE_SIGN_STYLE = Automatic;
				INFOPLIST_FILE = FoodTrackerProjectUITests/Info.plist;
				LD_RUNPATH_SEARCH_PATHS = (
					"$(inherited)",
					"@executable_path/Frameworks",
					"@loader_path/Frameworks",
				);
				PRODUCT_BUNDLE_IDENTIFIER = "Anessa-Whitlow.FoodTrackerProjectUITests";
				PRODUCT_NAME = "$(TARGET_NAME)";
				SWIFT_VERSION = 5.0;
				TARGETED_DEVICE_FAMILY = "1,2";
				TEST_TARGET_NAME = FoodTrackerProject;
			};
			name = Debug;
		};
		641F236129972FF900C67C03 /* Release */ = {
			isa = XCBuildConfiguration;
			buildSettings = {
				ALWAYS_EMBED_SWIFT_STANDARD_LIBRARIES = YES;
				CODE_SIGN_STYLE = Automatic;
				INFOPLIST_FILE = FoodTrackerProjectUITests/Info.plist;
				LD_RUNPATH_SEARCH_PATHS = (
					"$(inherited)",
					"@executable_path/Frameworks",
					"@loader_path/Frameworks",
				);
				PRODUCT_BUNDLE_IDENTIFIER = "Anessa-Whitlow.FoodTrackerProjectUITests";
				PRODUCT_NAME = "$(TARGET_NAME)";
				SWIFT_VERSION = 5.0;
				TARGETED_DEVICE_FAMILY = "1,2";
				TEST_TARGET_NAME = FoodTrackerProject;
			};
			name = Release;
		};
/* End XCBuildConfiguration section */

/* Begin XCConfigurationList section */
		641F232A29972FF300C67C03 /* Build configuration list for PBXProject "FoodTrackerProject" */ = {
			isa = XCConfigurationList;
			buildConfigurations = (
				641F235729972FF900C67C03 /* Debug */,
				641F235829972FF900C67C03 /* Release */,
			);
			defaultConfigurationIsVisible = 0;
			defaultConfigurationName = Release;
		};
		641F235929972FF900C67C03 /* Build configuration list for PBXNativeTarget "FoodTrackerProject" */ = {
			isa = XCConfigurationList;
			buildConfigurations = (
				641F235A29972FF900C67C03 /* Debug */,
				641F235B29972FF900C67C03 /* Release */,
			);
			defaultConfigurationIsVisible = 0;
			defaultConfigurationName = Release;
		};
		641F235C29972FF900C67C03 /* Build configuration list for PBXNativeTarget "FoodTrackerProjectTests" */ = {
			isa = XCConfigurationList;
			buildConfigurations = (
				641F235D29972FF900C67C03 /* Debug */,
				641F235E29972FF900C67C03 /* Release */,
			);
			defaultConfigurationIsVisible = 0;
			defaultConfigurationName = Release;
		};
		641F235F29972FF900C67C03 /* Build configuration list for PBXNativeTarget "FoodTrackerProjectUITests" */ = {
			isa = XCConfigurationList;
			buildConfigurations = (
				641F236029972FF900C67C03 /* Debug */,
				641F236129972FF900C67C03 /* Release */,
			);
			defaultConfigurationIsVisible = 0;
			defaultConfigurationName = Release;
		};
/* End XCConfigurationList section */
	};
	rootObject = 641F232729972FF300C67C03 /* Project object */;
}
